{
  "pins" : [
    {
      "identity" : "esdatehelper",
      "kind" : "remoteSourceControl",
      "location" : "https://github.com/ESKARIA/ESDateHelper.git",
      "state" : {
        "revision" : "6a1fedbbfc0a7ac1a8137d89fbcae0f9bf4e1ff3",
        "version" : "1.1.1"
      }
    }
  ],
  "version" : 2
}
