{
  "object": {
    "pins": [
      {
        "package": "ESDateHelper",
        "repositoryURL": "https://github.com/ESKARIA/ESDateHelper.git",
        "state": {
          "branch": null,
          "revision": "c6c6af34536f3afd3996b6a922f66e2bea0479ab",
          "version": "1.1.0"
        }
      }
    ]
  },
  "version": 1
}
