{
  "object": {
    "pins": [
      {
        "package": "ESDateHelper",
        "repositoryURL": "https://github.com/ESKARIA/ESDateHelper.git",
        "state": {
          "branch": null,
          "revision": "ca2c69f4c6f72d342fa7bea3a4a1efe58bd7c825",
          "version": "1.0.0"
        }
      }
    ]
  },
  "version": 1
}
